{
  "name": "myproject",
  "version": "1.0.0",
  "lockfileVersion": 1,
  "requires": true,
  "dependencies": {
    "bignumber.js": {
      "version": "4.1.0",
      "resolved": "http://registry.npm.taobao.org/bignumber.js/download/bignumber.js-4.1.0.tgz",
      "integrity": "sha1-228UBnwUC9RmJIFaeRbJLZtsJLE="
    },
    "colors": {
      "version": "1.2.1",
      "resolved": "http://registry.npm.taobao.org/colors/download/colors-1.2.1.tgz",
      "integrity": "sha1-9KPTApdqrwQjVroa3jsaLGLZ15Q="
    },
    "dijkstrajs": {
      "version": "1.0.1",
      "resolved": "http://registry.npm.taobao.org/dijkstrajs/download/dijkstrajs-1.0.1.tgz",
      "integrity": "sha1-082BIh4+pAdCz83lVtTpnpjdxxs="
    },
    "ethereum-qr-code": {
      "version": "0.3.0",
      "resolved": "http://registry.npm.taobao.org/ethereum-qr-code/download/ethereum-qr-code-0.3.0.tgz",
      "integrity": "sha1-+sHQMahHxPA4vXxpEMYRSCnt1Ro=",
      "requires": {
        "bignumber.js": "4.1.0",
        "qrcode": "0.9.0"
      }
    },
    "isarray": {
      "version": "2.0.4",
      "resolved": "http://registry.npm.taobao.org/isarray/download/isarray-2.0.4.tgz",
      "integrity": "sha1-OOe8uw87obeTPIa6GJTd/DeBu7c="
    },
    "pngjs": {
      "version": "2.3.1",
      "resolved": "http://registry.npm.taobao.org/pngjs/download/pngjs-2.3.1.tgz",
      "integrity": "sha1-EdHhK5y2TWPjDBQ6Mw9MH1Z9qF8="
    },
    "qrcode": {
      "version": "0.9.0",
      "resolved": "http://registry.npm.taobao.org/qrcode/download/qrcode-0.9.0.tgz",
      "integrity": "sha1-S9wdIa1lXDEBtbsp4uTJ1kFoJfs=",
      "requires": {
        "colors": "1.2.1",
        "dijkstrajs": "1.0.1",
        "isarray": "2.0.4",
        "pngjs": "2.3.1"
      }
    }
  }
}
